
Microsoft Visual Studio Solution File, Format Version 12.00
# Visual Studio Version 17
VisualStudioVersion = 17.0.31903.59
MinimumVisualStudioVersion = 10.0.40219.1
Project("{FAE04EC0-301F-11D3-BF4B-00C04F79EFBC}") = "AsyncStarvationLab", "AsyncStarvationLab\AsyncStarvationLab.csproj", "{9ECEB049-52B1-4DA3-8EED-77DBB3BA1789}"
EndProject
Project("{FAE04EC0-301F-11D3-BF4B-00C04F79EFBC}") = "MemoryLeakLab", "MemoryLeakLab\MemoryLeakLab.csproj", "{D5B76B62-4F97-4899-9B18-D82280E3F319}"
EndProject
Global
	GlobalSection(SolutionConfigurationPlatforms) = preSolution
		Debug|Any CPU = Debug|Any CPU
		Debug|x64 = Debug|x64
		Debug|x86 = Debug|x86
		Release|Any CPU = Release|Any CPU
		Release|x64 = Release|x64
		Release|x86 = Release|x86
	EndGlobalSection
	GlobalSection(ProjectConfigurationPlatforms) = postSolution
		{9ECEB049-52B1-4DA3-8EED-77DBB3BA1789}.Debug|Any CPU.ActiveCfg = Debug|Any CPU
		{9ECEB049-52B1-4DA3-8EED-77DBB3BA1789}.Debug|Any CPU.Build.0 = Debug|Any CPU
		{9ECEB049-52B1-4DA3-8EED-77DBB3BA1789}.Debug|x64.ActiveCfg = Debug|Any CPU
		{9ECEB049-52B1-4DA3-8EED-77DBB3BA1789}.Debug|x64.Build.0 = Debug|Any CPU
		{9ECEB049-52B1-4DA3-8EED-77DBB3BA1789}.Debug|x86.ActiveCfg = Debug|Any CPU
		{9ECEB049-52B1-4DA3-8EED-77DBB3BA1789}.Debug|x86.Build.0 = Debug|Any CPU
		{9ECEB049-52B1-4DA3-8EED-77DBB3BA1789}.Release|Any CPU.ActiveCfg = Release|Any CPU
		{9ECEB049-52B1-4DA3-8EED-77DBB3BA1789}.Release|Any CPU.Build.0 = Release|Any CPU
		{9ECEB049-52B1-4DA3-8EED-77DBB3BA1789}.Release|x64.ActiveCfg = Release|Any CPU
		{9ECEB049-52B1-4DA3-8EED-77DBB3BA1789}.Release|x64.Build.0 = Release|Any CPU
		{9ECEB049-52B1-4DA3-8EED-77DBB3BA1789}.Release|x86.ActiveCfg = Release|Any CPU
		{9ECEB049-52B1-4DA3-8EED-77DBB3BA1789}.Release|x86.Build.0 = Release|Any CPU
		{D5B76B62-4F97-4899-9B18-D82280E3F319}.Debug|Any CPU.ActiveCfg = Debug|Any CPU
		{D5B76B62-4F97-4899-9B18-D82280E3F319}.Debug|Any CPU.Build.0 = Debug|Any CPU
		{D5B76B62-4F97-4899-9B18-D82280E3F319}.Debug|x64.ActiveCfg = Debug|Any CPU
		{D5B76B62-4F97-4899-9B18-D82280E3F319}.Debug|x64.Build.0 = Debug|Any CPU
		{D5B76B62-4F97-4899-9B18-D82280E3F319}.Debug|x86.ActiveCfg = Debug|Any CPU
		{D5B76B62-4F97-4899-9B18-D82280E3F319}.Debug|x86.Build.0 = Debug|Any CPU
		{D5B76B62-4F97-4899-9B18-D82280E3F319}.Release|Any CPU.ActiveCfg = Release|Any CPU
		{D5B76B62-4F97-4899-9B18-D82280E3F319}.Release|Any CPU.Build.0 = Release|Any CPU
		{D5B76B62-4F97-4899-9B18-D82280E3F319}.Release|x64.ActiveCfg = Release|Any CPU
		{D5B76B62-4F97-4899-9B18-D82280E3F319}.Release|x64.Build.0 = Release|Any CPU
		{D5B76B62-4F97-4899-9B18-D82280E3F319}.Release|x86.ActiveCfg = Release|Any CPU
		{D5B76B62-4F97-4899-9B18-D82280E3F319}.Release|x86.Build.0 = Release|Any CPU
	EndGlobalSection
	GlobalSection(SolutionProperties) = preSolution
		HideSolutionNode = FALSE
	EndGlobalSection
EndGlobal
